
Microsoft Visual Studio Solution File, Format Version 12.00
# Visual Studio 15
VisualStudioVersion = 15.0.26124.0
MinimumVisualStudioVersion = 15.0.26124.0
Project("{2150E333-8FDC-42A3-9474-1A3956D46DE8}") = "src", "src", "{3164B5CE-51CD-4F1A-A8F7-BCC9527D47BC}"
EndProject
Project("{FAE04EC0-301F-11D3-BF4B-00C04F79EFBC}") = "GradeBook", "src\GradeBook\GradeBook.csproj", "{8B403FE7-8B24-47B1-B89E-24AAC287747F}"
EndProject
Project("{2150E333-8FDC-42A3-9474-1A3956D46DE8}") = "test", "test", "{6A71DB58-C33E-4393-8AD4-1651ECEF6B87}"
EndProject
Project("{FAE04EC0-301F-11D3-BF4B-00C04F79EFBC}") = "GradeBook.Tests", "test\GradeBook.Tests\GradeBook.Tests.csproj", "{6CA7A2C4-78DB-448F-917E-EEB7639FDF50}"
EndProject
Global
	GlobalSection(SolutionConfigurationPlatforms) = preSolution
		Debug|Any CPU = Debug|Any CPU
		Debug|x64 = Debug|x64
		Debug|x86 = Debug|x86
		Release|Any CPU = Release|Any CPU
		Release|x64 = Release|x64
		Release|x86 = Release|x86
	EndGlobalSection
	GlobalSection(SolutionProperties) = preSolution
		HideSolutionNode = FALSE
	EndGlobalSection
	GlobalSection(ProjectConfigurationPlatforms) = postSolution
		{8B403FE7-8B24-47B1-B89E-24AAC287747F}.Debug|Any CPU.ActiveCfg = Debug|Any CPU
		{8B403FE7-8B24-47B1-B89E-24AAC287747F}.Debug|Any CPU.Build.0 = Debug|Any CPU
		{8B403FE7-8B24-47B1-B89E-24AAC287747F}.Debug|x64.ActiveCfg = Debug|Any CPU
		{8B403FE7-8B24-47B1-B89E-24AAC287747F}.Debug|x64.Build.0 = Debug|Any CPU
		{8B403FE7-8B24-47B1-B89E-24AAC287747F}.Debug|x86.ActiveCfg = Debug|Any CPU
		{8B403FE7-8B24-47B1-B89E-24AAC287747F}.Debug|x86.Build.0 = Debug|Any CPU
		{8B403FE7-8B24-47B1-B89E-24AAC287747F}.Release|Any CPU.ActiveCfg = Release|Any CPU
		{8B403FE7-8B24-47B1-B89E-24AAC287747F}.Release|Any CPU.Build.0 = Release|Any CPU
		{8B403FE7-8B24-47B1-B89E-24AAC287747F}.Release|x64.ActiveCfg = Release|Any CPU
		{8B403FE7-8B24-47B1-B89E-24AAC287747F}.Release|x64.Build.0 = Release|Any CPU
		{8B403FE7-8B24-47B1-B89E-24AAC287747F}.Release|x86.ActiveCfg = Release|Any CPU
		{8B403FE7-8B24-47B1-B89E-24AAC287747F}.Release|x86.Build.0 = Release|Any CPU
		{6CA7A2C4-78DB-448F-917E-EEB7639FDF50}.Debug|Any CPU.ActiveCfg = Debug|Any CPU
		{6CA7A2C4-78DB-448F-917E-EEB7639FDF50}.Debug|Any CPU.Build.0 = Debug|Any CPU
		{6CA7A2C4-78DB-448F-917E-EEB7639FDF50}.Debug|x64.ActiveCfg = Debug|Any CPU
		{6CA7A2C4-78DB-448F-917E-EEB7639FDF50}.Debug|x64.Build.0 = Debug|Any CPU
		{6CA7A2C4-78DB-448F-917E-EEB7639FDF50}.Debug|x86.ActiveCfg = Debug|Any CPU
		{6CA7A2C4-78DB-448F-917E-EEB7639FDF50}.Debug|x86.Build.0 = Debug|Any CPU
		{6CA7A2C4-78DB-448F-917E-EEB7639FDF50}.Release|Any CPU.ActiveCfg = Release|Any CPU
		{6CA7A2C4-78DB-448F-917E-EEB7639FDF50}.Release|Any CPU.Build.0 = Release|Any CPU
		{6CA7A2C4-78DB-448F-917E-EEB7639FDF50}.Release|x64.ActiveCfg = Release|Any CPU
		{6CA7A2C4-78DB-448F-917E-EEB7639FDF50}.Release|x64.Build.0 = Release|Any CPU
		{6CA7A2C4-78DB-448F-917E-EEB7639FDF50}.Release|x86.ActiveCfg = Release|Any CPU
		{6CA7A2C4-78DB-448F-917E-EEB7639FDF50}.Release|x86.Build.0 = Release|Any CPU
	EndGlobalSection
	GlobalSection(NestedProjects) = preSolution
		{8B403FE7-8B24-47B1-B89E-24AAC287747F} = {3164B5CE-51CD-4F1A-A8F7-BCC9527D47BC}
		{6CA7A2C4-78DB-448F-917E-EEB7639FDF50} = {6A71DB58-C33E-4393-8AD4-1651ECEF6B87}
	EndGlobalSection
EndGlobal
